
Microsoft Visual Studio Solution File, Format Version 12.00
# Visual Studio Version 17
VisualStudioVersion = 17.0.32014.148
MinimumVisualStudioVersion = 10.0.40219.1
Project("{FAE04EC0-301F-11D3-BF4B-00C04F79EFBC}") = "AuthorizationTestJWT", "AuthorizationTestJWT\AuthorizationTestJWT.csproj", "{C2E68B04-95C4-402B-8162-B7702A5733D8}"
EndProject
Global
	GlobalSection(SolutionConfigurationPlatforms) = preSolution
		Debug|Any CPU = Debug|Any CPU
		Release|Any CPU = Release|Any CPU
	EndGlobalSection
	GlobalSection(ProjectConfigurationPlatforms) = postSolution
		{C2E68B04-95C4-402B-8162-B7702A5733D8}.Debug|Any CPU.ActiveCfg = Debug|Any CPU
		{C2E68B04-95C4-402B-8162-B7702A5733D8}.Debug|Any CPU.Build.0 = Debug|Any CPU
		{C2E68B04-95C4-402B-8162-B7702A5733D8}.Release|Any CPU.ActiveCfg = Release|Any CPU
		{C2E68B04-95C4-402B-8162-B7702A5733D8}.Release|Any CPU.Build.0 = Release|Any CPU
	EndGlobalSection
	GlobalSection(SolutionProperties) = preSolution
		HideSolutionNode = FALSE
	EndGlobalSection
	GlobalSection(ExtensibilityGlobals) = postSolution
		SolutionGuid = {C704BD0B-A32E-409F-9E2C-44B0D4018F79}
	EndGlobalSection
EndGlobal
